
Microsoft Visual Studio Solution File, Format Version 12.00
# Visual Studio Version 16
VisualStudioVersion = 16.0.31729.503
MinimumVisualStudioVersion = 10.0.40219.1
Project("{FAE04EC0-301F-11D3-BF4B-00C04F79EFBC}") = "TextFrequencyAnalysis", "TextFrequencyAnalysis\TextFrequencyAnalysis.csproj", "{0E414BE9-A91B-4DCC-AAF4-C67EB23E61CC}"
EndProject
Global
	GlobalSection(SolutionConfigurationPlatforms) = preSolution
		Debug|Any CPU = Debug|Any CPU
		Release|Any CPU = Release|Any CPU
	EndGlobalSection
	GlobalSection(ProjectConfigurationPlatforms) = postSolution
		{0E414BE9-A91B-4DCC-AAF4-C67EB23E61CC}.Debug|Any CPU.ActiveCfg = Debug|Any CPU
		{0E414BE9-A91B-4DCC-AAF4-C67EB23E61CC}.Debug|Any CPU.Build.0 = Debug|Any CPU
		{0E414BE9-A91B-4DCC-AAF4-C67EB23E61CC}.Release|Any CPU.ActiveCfg = Release|Any CPU
		{0E414BE9-A91B-4DCC-AAF4-C67EB23E61CC}.Release|Any CPU.Build.0 = Release|Any CPU
	EndGlobalSection
	GlobalSection(SolutionProperties) = preSolution
		HideSolutionNode = FALSE
	EndGlobalSection
	GlobalSection(ExtensibilityGlobals) = postSolution
		SolutionGuid = {307280BD-03D2-4C1F-9DD8-14E274B8FF8A}
	EndGlobalSection
EndGlobal
